
Microsoft Visual Studio Solution File, Format Version 12.00
# Visual Studio Version 16
VisualStudioVersion = 16.0.29418.71
MinimumVisualStudioVersion = 10.0.40219.1
Project("{FAE04EC0-301F-11D3-BF4B-00C04F79EFBC}") = "ماشین حساب", "ماشین حساب\ماشین حساب.csproj", "{B11B9576-9219-4341-BF2F-B9A8A567F550}"
EndProject
Global
	GlobalSection(SolutionConfigurationPlatforms) = preSolution
		Debug|Any CPU = Debug|Any CPU
		Release|Any CPU = Release|Any CPU
	EndGlobalSection
	GlobalSection(ProjectConfigurationPlatforms) = postSolution
		{B11B9576-9219-4341-BF2F-B9A8A567F550}.Debug|Any CPU.ActiveCfg = Debug|Any CPU
		{B11B9576-9219-4341-BF2F-B9A8A567F550}.Debug|Any CPU.Build.0 = Debug|Any CPU
		{B11B9576-9219-4341-BF2F-B9A8A567F550}.Release|Any CPU.ActiveCfg = Release|Any CPU
		{B11B9576-9219-4341-BF2F-B9A8A567F550}.Release|Any CPU.Build.0 = Release|Any CPU
	EndGlobalSection
	GlobalSection(SolutionProperties) = preSolution
		HideSolutionNode = FALSE
	EndGlobalSection
	GlobalSection(ExtensibilityGlobals) = postSolution
		SolutionGuid = {178FB97E-4C58-407D-B6B9-85DF480447ED}
	EndGlobalSection
EndGlobal
